// !$*UTF8*$!
{
	archiveVersion = 1;
	classes = {
	};
	objectVersion = 48;
	objects = {

/* Begin PBXBuildFile section */
		241CA168208541610081FAA3 /* Groups.swift in Sources */ = {isa = PBXBuildFile; fileRef = 241CA167208541610081FAA3 /* Groups.swift */; };
		241CA16A208543740081FAA3 /* NextScreen.swift in Sources */ = {isa = PBXBuildFile; fileRef = 241CA169208543740081FAA3 /* NextScreen.swift */; };
		2484AE8C2075B08E00C035AA /* Extensions.swift in Sources */ = {isa = PBXBuildFile; fileRef = 2484AE8B2075B08E00C035AA /* Extensions.swift */; };
		2484AE932075B56C00C035AA /* ContactUsViewController.swift in Sources */ = {isa = PBXBuildFile; fileRef = 2484AE922075B56C00C035AA /* ContactUsViewController.swift */; };
		2484AE952075BF0300C035AA /* Constants.swift in Sources */ = {isa = PBXBuildFile; fileRef = 2484AE942075BF0300C035AA /* Constants.swift */; };
		24E8D1E6209065D40095AE43 /* HomeScreen.swift in Sources */ = {isa = PBXBuildFile; fileRef = 24E8D1E5209065D40095AE43 /* HomeScreen.swift */; };
		24E8D1E8209082020095AE43 /* AddCourseViewController.swift in Sources */ = {isa = PBXBuildFile; fileRef = 24E8D1E7209082020095AE43 /* AddCourseViewController.swift */; };
		24E8D1EB209204D30095AE43 /* myPointsView.swift in Sources */ = {isa = PBXBuildFile; fileRef = 24E8D1EA209204D30095AE43 /* myPointsView.swift */; };
		24E8D1EE2092092F0095AE43 /* GroupMembersView.swift in Sources */ = {isa = PBXBuildFile; fileRef = 24E8D1ED2092092F0095AE43 /* GroupMembersView.swift */; };
		24E8D1F020928F1D0095AE43 /* DisplayMembers.swift in Sources */ = {isa = PBXBuildFile; fileRef = 24E8D1EF20928F1D0095AE43 /* DisplayMembers.swift */; };
		5275BF80206DC52A000EA1F1 /* Assets.xcassets in Resources */ = {isa = PBXBuildFile; fileRef = 5275BF7F206DC529000EA1F1 /* Assets.xcassets */; };
		52E9695B206C70AF00538307 /* AppDelegate.swift in Sources */ = {isa = PBXBuildFile; fileRef = 52E9695A206C70AF00538307 /* AppDelegate.swift */; };
		52E96960206C70AF00538307 /* Main.storyboard in Resources */ = {isa = PBXBuildFile; fileRef = 52E9695E206C70AF00538307 /* Main.storyboard */; };
		52E96965206C70AF00538307 /* LaunchScreen.storyboard in Resources */ = {isa = PBXBuildFile; fileRef = 52E96963206C70AF00538307 /* LaunchScreen.storyboard */; };
		52F4C3852072BF4100F46DF2 /* SignUpScreenViewController.swift in Sources */ = {isa = PBXBuildFile; fileRef = 52F4C3842072BF4100F46DF2 /* SignUpScreenViewController.swift */; };
		52F4C3872072BF7600F46DF2 /* RecoveryScreenViewController.swift in Sources */ = {isa = PBXBuildFile; fileRef = 52F4C3862072BF7600F46DF2 /* RecoveryScreenViewController.swift */; };
		52F4C3892072BF8800F46DF2 /* HomeScreenViewController.swift in Sources */ = {isa = PBXBuildFile; fileRef = 52F4C3882072BF8800F46DF2 /* HomeScreenViewController.swift */; };
		52F4C38B2072BFA300F46DF2 /* RecoveredScreenViewController.swift in Sources */ = {isa = PBXBuildFile; fileRef = 52F4C38A2072BFA300F46DF2 /* RecoveredScreenViewController.swift */; };
		52F4C38D2072C03400F46DF2 /* LoginScreenViewController.swift in Sources */ = {isa = PBXBuildFile; fileRef = 52F4C38C2072C03400F46DF2 /* LoginScreenViewController.swift */; };
/* End PBXBuildFile section */

/* Begin PBXFileReference section */
		241CA167208541610081FAA3 /* Groups.swift */ = {isa = PBXFileReference; lastKnownFileType = sourcecode.swift; path = Groups.swift; sourceTree = "<group>"; };
		241CA169208543740081FAA3 /* NextScreen.swift */ = {isa = PBXFileReference; lastKnownFileType = sourcecode.swift; path = NextScreen.swift; sourceTree = "<group>"; };
		245B51EA208FD9C200ED204F /* libsqlite3.0.tbd */ = {isa = PBXFileReference; lastKnownFileType = "sourcecode.text-based-dylib-definition"; name = libsqlite3.0.tbd; path = usr/lib/libsqlite3.0.tbd; sourceTree = SDKROOT; };
		2484AE8B2075B08E00C035AA /* Extensions.swift */ = {isa = PBXFileReference; lastKnownFileType = sourcecode.swift; path = Extensions.swift; sourceTree = "<group>"; };
		2484AE922075B56C00C035AA /* ContactUsViewController.swift */ = {isa = PBXFileReference; lastKnownFileType = sourcecode.swift; path = ContactUsViewController.swift; sourceTree = "<group>"; };
		2484AE942075BF0300C035AA /* Constants.swift */ = {isa = PBXFileReference; lastKnownFileType = sourcecode.swift; path = Constants.swift; sourceTree = "<group>"; };
		24E8D1E5209065D40095AE43 /* HomeScreen.swift */ = {isa = PBXFileReference; lastKnownFileType = sourcecode.swift; path = HomeScreen.swift; sourceTree = "<group>"; };
		24E8D1E7209082020095AE43 /* AddCourseViewController.swift */ = {isa = PBXFileReference; lastKnownFileType = sourcecode.swift; path = AddCourseViewController.swift; sourceTree = "<group>"; };
		24E8D1EA209204D30095AE43 /* myPointsView.swift */ = {isa = PBXFileReference; lastKnownFileType = sourcecode.swift; path = myPointsView.swift; sourceTree = "<group>"; };
		24E8D1ED2092092F0095AE43 /* GroupMembersView.swift */ = {isa = PBXFileReference; lastKnownFileType = sourcecode.swift; path = GroupMembersView.swift; sourceTree = "<group>"; };
		24E8D1EF20928F1D0095AE43 /* DisplayMembers.swift */ = {isa = PBXFileReference; lastKnownFileType = sourcecode.swift; path = DisplayMembers.swift; sourceTree = "<group>"; };
		5275BF7F206DC529000EA1F1 /* Assets.xcassets */ = {isa = PBXFileReference; lastKnownFileType = folder.assetcatalog; path = Assets.xcassets; sourceTree = "<group>"; };
		52E96957206C70AF00538307 /* go-too.app */ = {isa = PBXFileReference; explicitFileType = wrapper.application; includeInIndex = 0; path = "go-too.app"; sourceTree = BUILT_PRODUCTS_DIR; };
		52E9695A206C70AF00538307 /* AppDelegate.swift */ = {isa = PBXFileReference; lastKnownFileType = sourcecode.swift; path = AppDelegate.swift; sourceTree = "<group>"; };
		52E9695F206C70AF00538307 /* Base */ = {isa = PBXFileReference; lastKnownFileType = file.storyboard; name = Base; path = Base.lproj/Main.storyboard; sourceTree = "<group>"; };
		52E96964206C70AF00538307 /* Base */ = {isa = PBXFileReference; lastKnownFileType = file.storyboard; name = Base; path = Base.lproj/LaunchScreen.storyboard; sourceTree = "<group>"; };
		52E96966206C70AF00538307 /* Info.plist */ = {isa = PBXFileReference; lastKnownFileType = text.plist.xml; path = Info.plist; sourceTree = "<group>"; };
		52F4C3842072BF4100F46DF2 /* SignUpScreenViewController.swift */ = {isa = PBXFileReference; lastKnownFileType = sourcecode.swift; path = SignUpScreenViewController.swift; sourceTree = "<group>"; };
		52F4C3862072BF7600F46DF2 /* RecoveryScreenViewController.swift */ = {isa = PBXFileReference; lastKnownFileType = sourcecode.swift; path = RecoveryScreenViewController.swift; sourceTree = "<group>"; };
		52F4C3882072BF8800F46DF2 /* HomeScreenViewController.swift */ = {isa = PBXFileReference; lastKnownFileType = sourcecode.swift; path = HomeScreenViewController.swift; sourceTree = "<group>"; };
		52F4C38A2072BFA300F46DF2 /* RecoveredScreenViewController.swift */ = {isa = PBXFileReference; lastKnownFileType = sourcecode.swift; path = RecoveredScreenViewController.swift; sourceTree = "<group>"; };
		52F4C38C2072C03400F46DF2 /* LoginScreenViewController.swift */ = {isa = PBXFileReference; lastKnownFileType = sourcecode.swift; path = LoginScreenViewController.swift; sourceTree = "<group>"; };
/* End PBXFileReference section */

/* Begin PBXFrameworksBuildPhase section */
		52E96954206C70AF00538307 /* Frameworks */ = {
			isa = PBXFrameworksBuildPhase;
			buildActionMask = 2147483647;
			files = (
			);
			runOnlyForDeploymentPostprocessing = 0;
		};
/* End PBXFrameworksBuildPhase section */

/* Begin PBXGroup section */
		245B51E9208FD9C200ED204F /* Frameworks */ = {
			isa = PBXGroup;
			children = (
				245B51EA208FD9C200ED204F /* libsqlite3.0.tbd */,
			);
			name = Frameworks;
			sourceTree = "<group>";
		};
		2484AE8A2075B07B00C035AA /* Utils */ = {
			isa = PBXGroup;
			children = (
				2484AE8B2075B08E00C035AA /* Extensions.swift */,
				2484AE942075BF0300C035AA /* Constants.swift */,
				241CA167208541610081FAA3 /* Groups.swift */,
				24E8D1E5209065D40095AE43 /* HomeScreen.swift */,
			);
			path = Utils;
			sourceTree = "<group>";
		};
		2484AE8D2075B3B200C035AA /* SignUp */ = {
			isa = PBXGroup;
			children = (
				52F4C3842072BF4100F46DF2 /* SignUpScreenViewController.swift */,
			);
			path = SignUp;
			sourceTree = "<group>";
		};
		2484AE8E2075B42300C035AA /* LogIn */ = {
			isa = PBXGroup;
			children = (
				52F4C38C2072C03400F46DF2 /* LoginScreenViewController.swift */,
				2484AE912075B53E00C035AA /* Contact Us */,
				2484AE902075B47800C035AA /* Recovery */,
			);
			path = LogIn;
			sourceTree = "<group>";
		};
		2484AE8F2075B42F00C035AA /* HomeScreen */ = {
			isa = PBXGroup;
			children = (
				52F4C3882072BF8800F46DF2 /* HomeScreenViewController.swift */,
				241CA169208543740081FAA3 /* NextScreen.swift */,
				24E8D1E9209204690095AE43 /* Groups */,
			);
			path = HomeScreen;
			sourceTree = "<group>";
		};
		2484AE902075B47800C035AA /* Recovery */ = {
			isa = PBXGroup;
			children = (
				52F4C38A2072BFA300F46DF2 /* RecoveredScreenViewController.swift */,
				52F4C3862072BF7600F46DF2 /* RecoveryScreenViewController.swift */,
			);
			path = Recovery;
			sourceTree = "<group>";
		};
		2484AE912075B53E00C035AA /* Contact Us */ = {
			isa = PBXGroup;
			children = (
				2484AE922075B56C00C035AA /* ContactUsViewController.swift */,
			);
			path = "Contact Us";
			sourceTree = "<group>";
		};
		24E8D1E9209204690095AE43 /* Groups */ = {
			isa = PBXGroup;
			children = (
				24E8D1E7209082020095AE43 /* AddCourseViewController.swift */,
				24E8D1EA209204D30095AE43 /* myPointsView.swift */,
				24E8D1ED2092092F0095AE43 /* GroupMembersView.swift */,
				24E8D1EF20928F1D0095AE43 /* DisplayMembers.swift */,
			);
			path = Groups;
			sourceTree = "<group>";
		};
		52E9694E206C70AF00538307 = {
			isa = PBXGroup;
			children = (
				52E96959206C70AF00538307 /* go-too */,
				52E96958206C70AF00538307 /* Products */,
				245B51E9208FD9C200ED204F /* Frameworks */,
			);
			sourceTree = "<group>";
		};
		52E96958206C70AF00538307 /* Products */ = {
			isa = PBXGroup;
			children = (
				52E96957206C70AF00538307 /* go-too.app */,
			);
			name = Products;
			sourceTree = "<group>";
		};
		52E96959206C70AF00538307 /* go-too */ = {
			isa = PBXGroup;
			children = (
				2484AE8A2075B07B00C035AA /* Utils */,
				52E9696E206C70EC00538307 /* Model */,
				52E9696D206C70E500538307 /* View */,
				52E9696C206C70DA00538307 /* Controller */,
				52E96966206C70AF00538307 /* Info.plist */,
			);
			path = "go-too";
			sourceTree = "<group>";
		};
		52E9696C206C70DA00538307 /* Controller */ = {
			isa = PBXGroup;
			children = (
				52E9695A206C70AF00538307 /* AppDelegate.swift */,
				2484AE8D2075B3B200C035AA /* SignUp */,
				2484AE8E2075B42300C035AA /* LogIn */,
				2484AE8F2075B42F00C035AA /* HomeScreen */,
			);
			path = Controller;
			sourceTree = "<group>";
		};
		52E9696D206C70E500538307 /* View */ = {
			isa = PBXGroup;
			children = (
				52E9695E206C70AF00538307 /* Main.storyboard */,
				52E96963206C70AF00538307 /* LaunchScreen.storyboard */,
				5275BF7F206DC529000EA1F1 /* Assets.xcassets */,
			);
			path = View;
			sourceTree = "<group>";
		};
		52E9696E206C70EC00538307 /* Model */ = {
			isa = PBXGroup;
			children = (
			);
			path = Model;
			sourceTree = "<group>";
		};
/* End PBXGroup section */

/* Begin PBXNativeTarget section */
		52E96956206C70AF00538307 /* go-too */ = {
			isa = PBXNativeTarget;
			buildConfigurationList = 52E96969206C70AF00538307 /* Build configuration list for PBXNativeTarget "go-too" */;
			buildPhases = (
				52E96953206C70AF00538307 /* Sources */,
				52E96954206C70AF00538307 /* Frameworks */,
				52E96955206C70AF00538307 /* Resources */,
			);
			buildRules = (
			);
			dependencies = (
			);
			name = "go-too";
			productName = "go-too";
			productReference = 52E96957206C70AF00538307 /* go-too.app */;
			productType = "com.apple.product-type.application";
		};
/* End PBXNativeTarget section */

/* Begin PBXProject section */
		52E9694F206C70AF00538307 /* Project object */ = {
			isa = PBXProject;
			attributes = {
				LastSwiftUpdateCheck = 0920;
				LastUpgradeCheck = 0930;
				ORGANIZATIONNAME = "Reactive Works";
				TargetAttributes = {
					52E96956206C70AF00538307 = {
						CreatedOnToolsVersion = 9.2;
						ProvisioningStyle = Automatic;
					};
				};
			};
			buildConfigurationList = 52E96952206C70AF00538307 /* Build configuration list for PBXProject "go-too" */;
			compatibilityVersion = "Xcode 8.0";
			developmentRegion = en;
			hasScannedForEncodings = 0;
			knownRegions = (
				en,
				Base,
			);
			mainGroup = 52E9694E206C70AF00538307;
			productRefGroup = 52E96958206C70AF00538307 /* Products */;
			projectDirPath = "";
			projectRoot = "";
			targets = (
				52E96956206C70AF00538307 /* go-too */,
			);
		};
/* End PBXProject section */

/* Begin PBXResourcesBuildPhase section */
		52E96955206C70AF00538307 /* Resources */ = {
			isa = PBXResourcesBuildPhase;
			buildActionMask = 2147483647;
			files = (
				52E96965206C70AF00538307 /* LaunchScreen.storyboard in Resources */,
				5275BF80206DC52A000EA1F1 /* Assets.xcassets in Resources */,
				52E96960206C70AF00538307 /* Main.storyboard in Resources */,
			);
			runOnlyForDeploymentPostprocessing = 0;
		};
/* End PBXResourcesBuildPhase section */

/* Begin PBXSourcesBuildPhase section */
		52E96953206C70AF00538307 /* Sources */ = {
			isa = PBXSourcesBuildPhase;
			buildActionMask = 2147483647;
			files = (
				52F4C38D2072C03400F46DF2 /* LoginScreenViewController.swift in Sources */,
				52F4C3852072BF4100F46DF2 /* SignUpScreenViewController.swift in Sources */,
				241CA16A208543740081FAA3 /* NextScreen.swift in Sources */,
				241CA168208541610081FAA3 /* Groups.swift in Sources */,
				52E9695B206C70AF00538307 /* AppDelegate.swift in Sources */,
				24E8D1F020928F1D0095AE43 /* DisplayMembers.swift in Sources */,
				2484AE932075B56C00C035AA /* ContactUsViewController.swift in Sources */,
				52F4C3872072BF7600F46DF2 /* RecoveryScreenViewController.swift in Sources */,
				52F4C38B2072BFA300F46DF2 /* RecoveredScreenViewController.swift in Sources */,
				24E8D1E6209065D40095AE43 /* HomeScreen.swift in Sources */,
				24E8D1E8209082020095AE43 /* AddCourseViewController.swift in Sources */,
				52F4C3892072BF8800F46DF2 /* HomeScreenViewController.swift in Sources */,
				2484AE8C2075B08E00C035AA /* Extensions.swift in Sources */,
				24E8D1EE2092092F0095AE43 /* GroupMembersView.swift in Sources */,
				2484AE952075BF0300C035AA /* Constants.swift in Sources */,
				24E8D1EB209204D30095AE43 /* myPointsView.swift in Sources */,
			);
			runOnlyForDeploymentPostprocessing = 0;
		};
/* End PBXSourcesBuildPhase section */

/* Begin PBXVariantGroup section */
		52E9695E206C70AF00538307 /* Main.storyboard */ = {
			isa = PBXVariantGroup;
			children = (
				52E9695F206C70AF00538307 /* Base */,
			);
			name = Main.storyboard;
			sourceTree = "<group>";
		};
		52E96963206C70AF00538307 /* LaunchScreen.storyboard */ = {
			isa = PBXVariantGroup;
			children = (
				52E96964206C70AF00538307 /* Base */,
			);
			name = LaunchScreen.storyboard;
			sourceTree = "<group>";
		};
/* End PBXVariantGroup section */

/* Begin XCBuildConfiguration section */
		52E96967206C70AF00538307 /* Debug */ = {
			isa = XCBuildConfiguration;
			buildSettings = {
				ALWAYS_SEARCH_USER_PATHS = NO;
				CLANG_ANALYZER_NONNULL = YES;
				CLANG_ANALYZER_NUMBER_OBJECT_CONVERSION = YES_AGGRESSIVE;
				CLANG_CXX_LANGUAGE_STANDARD = "gnu++14";
				CLANG_CXX_LIBRARY = "libc++";
				CLANG_ENABLE_MODULES = YES;
				CLANG_ENABLE_OBJC_ARC = YES;
				CLANG_WARN_BLOCK_CAPTURE_AUTORELEASING = YES;
				CLANG_WARN_BOOL_CONVERSION = YES;
				CLANG_WARN_COMMA = YES;
				CLANG_WARN_CONSTANT_CONVERSION = YES;
				CLANG_WARN_DEPRECATED_OBJC_IMPLEMENTATIONS = YES;
				CLANG_WARN_DIRECT_OBJC_ISA_USAGE = YES_ERROR;
				CLANG_WARN_DOCUMENTATION_COMMENTS = YES;
				CLANG_WARN_EMPTY_BODY = YES;
				CLANG_WARN_ENUM_CONVERSION = YES;
				CLANG_WARN_INFINITE_RECURSION = YES;
				CLANG_WARN_INT_CONVERSION = YES;
				CLANG_WARN_NON_LITERAL_NULL_CONVERSION = YES;
				CLANG_WARN_OBJC_IMPLICIT_RETAIN_SELF = YES;
				CLANG_WARN_OBJC_LITERAL_CONVERSION = YES;
				CLANG_WARN_OBJC_ROOT_CLASS = YES_ERROR;
				CLANG_WARN_RANGE_LOOP_ANALYSIS = YES;
				CLANG_WARN_STRICT_PROTOTYPES = YES;
				CLANG_WARN_SUSPICIOUS_MOVE = YES;
				CLANG_WARN_UNGUARDED_AVAILABILITY = YES_AGGRESSIVE;
				CLANG_WARN_UNREACHABLE_CODE = YES;
				CLANG_WARN__DUPLICATE_METHOD_MATCH = YES;
				CODE_SIGN_IDENTITY = "iPhone Developer";
				COPY_PHASE_STRIP = NO;
				DEBUG_INFORMATION_FORMAT = dwarf;
				ENABLE_STRICT_OBJC_MSGSEND = YES;
				ENABLE_TESTABILITY = YES;
				GCC_C_LANGUAGE_STANDARD = gnu11;
				GCC_DYNAMIC_NO_PIC = NO;
				GCC_NO_COMMON_BLOCKS = YES;
				GCC_OPTIMIZATION_LEVEL = 0;
				GCC_PREPROCESSOR_DEFINITIONS = (
					"DEBUG=1",
					"$(inherited)",
				);
				GCC_WARN_64_TO_32_BIT_CONVERSION = YES;
				GCC_WARN_ABOUT_RETURN_TYPE = YES_ERROR;
				GCC_WARN_UNDECLARED_SELECTOR = YES;
				GCC_WARN_UNINITIALIZED_AUTOS = YES_AGGRESSIVE;
				GCC_WARN_UNUSED_FUNCTION = YES;
				GCC_WARN_UNUSED_VARIABLE = YES;
				IPHONEOS_DEPLOYMENT_TARGET = 11.2;
				MTL_ENABLE_DEBUG_INFO = YES;
				ONLY_ACTIVE_ARCH = YES;
				SDKROOT = iphoneos;
				SWIFT_ACTIVE_COMPILATION_CONDITIONS = DEBUG;
				SWIFT_OPTIMIZATION_LEVEL = "-Onone";
			};
			name = Debug;
		};
		52E96968206C70AF00538307 /* Release */ = {
			isa = XCBuildConfiguration;
			buildSettings = {
				ALWAYS_SEARCH_USER_PATHS = NO;
				CLANG_ANALYZER_NONNULL = YES;
				CLANG_ANALYZER_NUMBER_OBJECT_CONVERSION = YES_AGGRESSIVE;
				CLANG_CXX_LANGUAGE_STANDARD = "gnu++14";
				CLANG_CXX_LIBRARY = "libc++";
				CLANG_ENABLE_MODULES = YES;
				CLANG_ENABLE_OBJC_ARC = YES;
				CLANG_WARN_BLOCK_CAPTURE_AUTORELEASING = YES;
				CLANG_WARN_BOOL_CONVERSION = YES;
				CLANG_WARN_COMMA = YES;
				CLANG_WARN_CONSTANT_CONVERSION = YES;
				CLANG_WARN_DEPRECATED_OBJC_IMPLEMENTATIONS = YES;
				CLANG_WARN_DIRECT_OBJC_ISA_USAGE = YES_ERROR;
				CLANG_WARN_DOCUMENTATION_COMMENTS = YES;
				CLANG_WARN_EMPTY_BODY = YES;
				CLANG_WARN_ENUM_CONVERSION = YES;
				CLANG_WARN_INFINITE_RECURSION = YES;
				CLANG_WARN_INT_CONVERSION = YES;
				CLANG_WARN_NON_LITERAL_NULL_CONVERSION = YES;
				CLANG_WARN_OBJC_IMPLICIT_RETAIN_SELF = YES;
				CLANG_WARN_OBJC_LITERAL_CONVERSION = YES;
				CLANG_WARN_OBJC_ROOT_CLASS = YES_ERROR;
				CLANG_WARN_RANGE_LOOP_ANALYSIS = YES;
				CLANG_WARN_STRICT_PROTOTYPES = YES;
				CLANG_WARN_SUSPICIOUS_MOVE = YES;
				CLANG_WARN_UNGUARDED_AVAILABILITY = YES_AGGRESSIVE;
				CLANG_WARN_UNREACHABLE_CODE = YES;
				CLANG_WARN__DUPLICATE_METHOD_MATCH = YES;
				CODE_SIGN_IDENTITY = "iPhone Developer";
				COPY_PHASE_STRIP = NO;
				DEBUG_INFORMATION_FORMAT = "dwarf-with-dsym";
				ENABLE_NS_ASSERTIONS = NO;
				ENABLE_STRICT_OBJC_MSGSEND = YES;
				GCC_C_LANGUAGE_STANDARD = gnu11;
				GCC_NO_COMMON_BLOCKS = YES;
				GCC_WARN_64_TO_32_BIT_CONVERSION = YES;
				GCC_WARN_ABOUT_RETURN_TYPE = YES_ERROR;
				GCC_WARN_UNDECLARED_SELECTOR = YES;
				GCC_WARN_UNINITIALIZED_AUTOS = YES_AGGRESSIVE;
				GCC_WARN_UNUSED_FUNCTION = YES;
				GCC_WARN_UNUSED_VARIABLE = YES;
				IPHONEOS_DEPLOYMENT_TARGET = 11.2;
				MTL_ENABLE_DEBUG_INFO = NO;
				SDKROOT = iphoneos;
				SWIFT_OPTIMIZATION_LEVEL = "-Owholemodule";
				VALIDATE_PRODUCT = YES;
			};
			name = Release;
		};
		52E9696A206C70AF00538307 /* Debug */ = {
			isa = XCBuildConfiguration;
			buildSettings = {
				ASSETCATALOG_COMPILER_APPICON_NAME = AppIcon;
				CODE_SIGN_IDENTITY = "iPhone Developer";
				CODE_SIGN_STYLE = Automatic;
				DEVELOPMENT_TEAM = "";
				INFOPLIST_FILE = "go-too/Info.plist";
				IPHONEOS_DEPLOYMENT_TARGET = 11.0;
				LD_RUNPATH_SEARCH_PATHS = "$(inherited) @executable_path/Frameworks";
				PRODUCT_BUNDLE_IDENTIFIER = "com.reactiveworks.go-too";
				PRODUCT_NAME = "$(TARGET_NAME)";
				PROVISIONING_PROFILE_SPECIFIER = "";
				SWIFT_VERSION = 4.0;
				TARGETED_DEVICE_FAMILY = "1,2";
			};
			name = Debug;
		};
		52E9696B206C70AF00538307 /* Release */ = {
			isa = XCBuildConfiguration;
			buildSettings = {
				ASSETCATALOG_COMPILER_APPICON_NAME = AppIcon;
				CODE_SIGN_IDENTITY = "iPhone Developer";
				CODE_SIGN_STYLE = Automatic;
				DEVELOPMENT_TEAM = "";
				INFOPLIST_FILE = "go-too/Info.plist";
				IPHONEOS_DEPLOYMENT_TARGET = 11.0;
				LD_RUNPATH_SEARCH_PATHS = "$(inherited) @executable_path/Frameworks";
				PRODUCT_BUNDLE_IDENTIFIER = "com.reactiveworks.go-too";
				PRODUCT_NAME = "$(TARGET_NAME)";
				PROVISIONING_PROFILE_SPECIFIER = "";
				SWIFT_VERSION = 4.0;
				TARGETED_DEVICE_FAMILY = "1,2";
			};
			name = Release;
		};
/* End XCBuildConfiguration section */

/* Begin XCConfigurationList section */
		52E96952206C70AF00538307 /* Build configuration list for PBXProject "go-too" */ = {
			isa = XCConfigurationList;
			buildConfigurations = (
				52E96967206C70AF00538307 /* Debug */,
				52E96968206C70AF00538307 /* Release */,
			);
			defaultConfigurationIsVisible = 0;
			defaultConfigurationName = Release;
		};
		52E96969206C70AF00538307 /* Build configuration list for PBXNativeTarget "go-too" */ = {
			isa = XCConfigurationList;
			buildConfigurations = (
				52E9696A206C70AF00538307 /* Debug */,
				52E9696B206C70AF00538307 /* Release */,
			);
			defaultConfigurationIsVisible = 0;
			defaultConfigurationName = Release;
		};
/* End XCConfigurationList section */
	};
	rootObject = 52E9694F206C70AF00538307 /* Project object */;
}
